# This file is automatically @generated by Cargo.
# It is not intended for manual editing.
version = 4

[[package]]
name = "bifrauth-crypto"
version = "0.1.0"

[[package]]
name = "bifrauth-ipc"
version = "0.1.0"

[[package]]
name = "bifrauth-proto"
version = "0.1.0"

[[package]]
name = "bifrauth-transport"
version = "0.1.0"

[[package]]
name = "bifrauthctl"
version = "0.1.0"

[[package]]
name = "bifrauthd"
version = "0.1.0"

[[package]]
name = "mock-iphone"
version = "0.1.0"

[[package]]
name = "pam_bifrauth"
version = "0.1.0"
